
Microsoft Visual Studio Solution File, Format Version 12.00
# Visual Studio Version 17
VisualStudioVersion = 17.11.35312.102
MinimumVisualStudioVersion = 10.0.40219.1
Project("{FAE04EC0-301F-11D3-BF4B-00C04F79EFBC}") = "CustomSerializerLibraryTests", "CustomSerializerLibraryTests\CustomSerializerLibraryTests.csproj", "{6FDD1249-A53F-43E8-8CB4-ED6E21D91B6C}"
EndProject
Global
	GlobalSection(SolutionConfigurationPlatforms) = preSolution
		Debug|Any CPU = Debug|Any CPU
		Release|Any CPU = Release|Any CPU
	EndGlobalSection
	GlobalSection(ProjectConfigurationPlatforms) = postSolution
		{6FDD1249-A53F-43E8-8CB4-ED6E21D91B6C}.Debug|Any CPU.ActiveCfg = Debug|Any CPU
		{6FDD1249-A53F-43E8-8CB4-ED6E21D91B6C}.Debug|Any CPU.Build.0 = Debug|Any CPU
		{6FDD1249-A53F-43E8-8CB4-ED6E21D91B6C}.Release|Any CPU.ActiveCfg = Release|Any CPU
		{6FDD1249-A53F-43E8-8CB4-ED6E21D91B6C}.Release|Any CPU.Build.0 = Release|Any CPU
	EndGlobalSection
	GlobalSection(SolutionProperties) = preSolution
		HideSolutionNode = FALSE
	EndGlobalSection
	GlobalSection(ExtensibilityGlobals) = postSolution
		SolutionGuid = {C85E3A62-9E90-4421-B82A-44743B780295}
	EndGlobalSection
EndGlobal
